// !$*UTF8*$!
{
	archiveVersion = 1;
	classes = {
	};
	objectVersion = 77;
	objects = {

/* Begin PBXBuildFile section */
		47FE5BAD2FC7308C00E58C93 /* WidgetKit.framework in Frameworks */ = {isa = PBXBuildFile; fileRef = 47FE5BAC2FC7308C00E58C93 /* WidgetKit.framework */; };
		47FE5BAF2FC7308C00E58C93 /* SwiftUI.framework in Frameworks */ = {isa = PBXBuildFile; fileRef = 47FE5BAE2FC7308C00E58C93 /* SwiftUI.framework */; };
		47FE5BBE2FC7308D00E58C93 /* Tula WidgetExtension.appex in Embed Foundation Extensions */ = {isa = PBXBuildFile; fileRef = 47FE5BAA2FC7308C00E58C93 /* Tula WidgetExtension.appex */; settings = {ATTRIBUTES = (RemoveHeadersOnCopy, ); }; };
/* End PBXBuildFile section */

/* Begin PBXContainerItemProxy section */
		47FE5BBC2FC7308D00E58C93 /* PBXContainerItemProxy */ = {
			isa = PBXContainerItemProxy;
			containerPortal = 47FE5AB02FC5D3B200E58C93 /* Project object */;
			proxyType = 1;
			remoteGlobalIDString = 47FE5BA92FC7308C00E58C93;
			remoteInfo = "Tula WidgetExtension";
		};
/* End PBXContainerItemProxy section */

/* Begin PBXCopyFilesBuildPhase section */
		47FE5BC32FC7308D00E58C93 /* Embed Foundation Extensions */ = {
			isa = PBXCopyFilesBuildPhase;
			buildActionMask = 2147483647;
			dstPath = "";
			dstSubfolderSpec = 13;
			files = (
				47FE5BBE2FC7308D00E58C93 /* Tula WidgetExtension.appex in Embed Foundation Extensions */,
			);
			name = "Embed Foundation Extensions";
			runOnlyForDeploymentPostprocessing = 0;
		};
/* End PBXCopyFilesBuildPhase section */

/* Begin PBXFileReference section */
		47BC843A2FCAAF79000FB10E /* TulaShare.appex */ = {isa = PBXFileReference; explicitFileType = "wrapper.app-extension"; includeInIndex = 0; path = TulaShare.appex; sourceTree = BUILT_PRODUCTS_DIR; };
		47FE5AB82FC5D3B200E58C93 /* Tula.app */ = {isa = PBXFileReference; explicitFileType = wrapper.application; includeInIndex = 0; path = Tula.app; sourceTree = BUILT_PRODUCTS_DIR; };
		47FE5BAA2FC7308C00E58C93 /* Tula WidgetExtension.appex */ = {isa = PBXFileReference; explicitFileType = "wrapper.app-extension"; includeInIndex = 0; path = "Tula WidgetExtension.appex"; sourceTree = BUILT_PRODUCTS_DIR; };
		47FE5BAC2FC7308C00E58C93 /* WidgetKit.framework */ = {isa = PBXFileReference; lastKnownFileType = wrapper.framework; name = WidgetKit.framework; path = System/Library/Frameworks/WidgetKit.framework; sourceTree = SDKROOT; };
		47FE5BAE2FC7308C00E58C93 /* SwiftUI.framework */ = {isa = PBXFileReference; lastKnownFileType = wrapper.framework; name = SwiftUI.framework; path = System/Library/Frameworks/SwiftUI.framework; sourceTree = SDKROOT; };
		47FE5BC92FC731E100E58C93 /* Tula WidgetExtension.entitlements */ = {isa = PBXFileReference; lastKnownFileType = text.plist.entitlements; path = "Tula WidgetExtension.entitlements"; sourceTree = "<group>"; };
/* End PBXFileReference section */

/* Begin PBXFileSystemSynchronizedBuildFileExceptionSet section */
		47BC84482FCAAF79000FB10E /* Exceptions for "TulaShare" folder in "TulaShare" target */ = {
			isa = PBXFileSystemSynchronizedBuildFileExceptionSet;
			membershipExceptions = (
				Info.plist,
			);
			target = 47BC84392FCAAF79000FB10E /* TulaShare */;
		};
		47BC844D2FCABCBF000FB10E /* Exceptions for "Tula" folder in "TulaShare" target */ = {
			isa = PBXFileSystemSynchronizedBuildFileExceptionSet;
			membershipExceptions = (
				Budget.swift,
				CategoryHint.swift,
				Currency.swift,
				MerchantRuleResolver.swift,
				Models.swift,
				ReceiptStorage.swift,
				SharedStorage.swift,
				ShareRootView.swift,
				ShareSession.swift,
				SmartExpenseParser.swift,
			);
			target = 47BC84392FCAAF79000FB10E /* TulaShare */;
		};
		47FE5BBF2FC7308D00E58C93 /* Exceptions for "Tula Widget" folder in "Tula WidgetExtension" target */ = {
			isa = PBXFileSystemSynchronizedBuildFileExceptionSet;
			membershipExceptions = (
				Info.plist,
			);
			target = 47FE5BA92FC7308C00E58C93 /* Tula WidgetExtension */;
		};
		47FE5BC52FC731A900E58C93 /* Exceptions for "Tula" folder in "Tula WidgetExtension" target */ = {
			isa = PBXFileSystemSynchronizedBuildFileExceptionSet;
			membershipExceptions = (
				Currency.swift,
				SharedAppearance.swift,
				WidgetSnapshot.swift,
			);
			target = 47FE5BA92FC7308C00E58C93 /* Tula WidgetExtension */;
		};
		47FE5BD92FC8060200E58C93 /* Exceptions for "Tula" folder in "Tula" target */ = {
			isa = PBXFileSystemSynchronizedBuildFileExceptionSet;
			membershipExceptions = (
				Info.plist,
			);
			target = 47FE5AB72FC5D3B200E58C93 /* Tula */;
		};
/* End PBXFileSystemSynchronizedBuildFileExceptionSet section */

/* Begin PBXFileSystemSynchronizedRootGroup section */
		421A051F2FC741CC00BAF8D2 /* AI */ = {
			isa = PBXFileSystemSynchronizedRootGroup;
			path = AI;
			sourceTree = "<group>";
		};
		47BC843B2FCAAF79000FB10E /* TulaShare */ = {
			isa = PBXFileSystemSynchronizedRootGroup;
			exceptions = (
				47BC84482FCAAF79000FB10E /* Exceptions for "TulaShare" folder in "TulaShare" target */,
			);
			path = TulaShare;
			sourceTree = "<group>";
		};
		47FE5ABA2FC5D3B200E58C93 /* Tula */ = {
			isa = PBXFileSystemSynchronizedRootGroup;
			exceptions = (
				47FE5BD92FC8060200E58C93 /* Exceptions for "Tula" folder in "Tula" target */,
				47FE5BC52FC731A900E58C93 /* Exceptions for "Tula" folder in "Tula WidgetExtension" target */,
				47BC844D2FCABCBF000FB10E /* Exceptions for "Tula" folder in "TulaShare" target */,
			);
			path = Tula;
			sourceTree = "<group>";
		};
		47FE5BB02FC7308C00E58C93 /* Tula Widget */ = {
			isa = PBXFileSystemSynchronizedRootGroup;
			exceptions = (
				47FE5BBF2FC7308D00E58C93 /* Exceptions for "Tula Widget" folder in "Tula WidgetExtension" target */,
			);
			path = "Tula Widget";
			sourceTree = "<group>";
		};
/* End PBXFileSystemSynchronizedRootGroup section */

/* Begin PBXFrameworksBuildPhase section */
		47BC84372FCAAF79000FB10E /* Frameworks */ = {
			isa = PBXFrameworksBuildPhase;
			buildActionMask = 2147483647;
			files = (
			);
			runOnlyForDeploymentPostprocessing = 0;
		};
		47FE5AB52FC5D3B200E58C93 /* Frameworks */ = {
			isa = PBXFrameworksBuildPhase;
			buildActionMask = 2147483647;
			files = (
			);
			runOnlyForDeploymentPostprocessing = 0;
		};
		47FE5BA72FC7308C00E58C93 /* Frameworks */ = {
			isa = PBXFrameworksBuildPhase;
			buildActionMask = 2147483647;
			files = (
				47FE5BAF2FC7308C00E58C93 /* SwiftUI.framework in Frameworks */,
				47FE5BAD2FC7308C00E58C93 /* WidgetKit.framework in Frameworks */,
			);
			runOnlyForDeploymentPostprocessing = 0;
		};
/* End PBXFrameworksBuildPhase section */

/* Begin PBXGroup section */
		47FE5AAF2FC5D3B200E58C93 = {
			isa = PBXGroup;
			children = (
				47FE5BC92FC731E100E58C93 /* Tula WidgetExtension.entitlements */,
				47FE5ABA2FC5D3B200E58C93 /* Tula */,
				47FE5BB02FC7308C00E58C93 /* Tula Widget */,
				47BC843B2FCAAF79000FB10E /* TulaShare */,
				47FE5BAB2FC7308C00E58C93 /* Frameworks */,
				47FE5AB92FC5D3B200E58C93 /* Products */,
				421A051F2FC741CC00BAF8D2 /* AI */,
			);
			sourceTree = "<group>";
		};
		47FE5AB92FC5D3B200E58C93 /* Products */ = {
			isa = PBXGroup;
			children = (
				47FE5AB82FC5D3B200E58C93 /* Tula.app */,
				47FE5BAA2FC7308C00E58C93 /* Tula WidgetExtension.appex */,
				47BC843A2FCAAF79000FB10E /* TulaShare.appex */,
			);
			name = Products;
			sourceTree = "<group>";
		};
		47FE5BAB2FC7308C00E58C93 /* Frameworks */ = {
			isa = PBXGroup;
			children = (
				47FE5BAC2FC7308C00E58C93 /* WidgetKit.framework */,
				47FE5BAE2FC7308C00E58C93 /* SwiftUI.framework */,
			);
			name = Frameworks;
			sourceTree = "<group>";
		};
/* End PBXGroup section */

/* Begin PBXNativeTarget section */
		47BC84392FCAAF79000FB10E /* TulaShare */ = {
			isa = PBXNativeTarget;
			buildConfigurationList = 47BC84452FCAAF79000FB10E /* Build configuration list for PBXNativeTarget "TulaShare" */;
			buildPhases = (
				47BC84362FCAAF79000FB10E /* Sources */,
				47BC84372FCAAF79000FB10E /* Frameworks */,
				47BC84382FCAAF79000FB10E /* Resources */,
			);
			buildRules = (
			);
			dependencies = (
			);
			fileSystemSynchronizedGroups = (
				47BC843B2FCAAF79000FB10E /* TulaShare */,
			);
			name = TulaShare;
			packageProductDependencies = (
			);
			productName = TulaShare;
			productReference = 47BC843A2FCAAF79000FB10E /* TulaShare.appex */;
			productType = "com.apple.product-type.app-extension";
		};
		47FE5AB72FC5D3B200E58C93 /* Tula */ = {
			isa = PBXNativeTarget;
			buildConfigurationList = 47FE5AC52FC5D3B300E58C93 /* Build configuration list for PBXNativeTarget "Tula" */;
			buildPhases = (
				47FE5AB42FC5D3B200E58C93 /* Sources */,
				47FE5AB52FC5D3B200E58C93 /* Frameworks */,
				47FE5AB62FC5D3B200E58C93 /* Resources */,
				47FE5BC32FC7308D00E58C93 /* Embed Foundation Extensions */,
			);
			buildRules = (
			);
			dependencies = (
				47FE5BBD2FC7308D00E58C93 /* PBXTargetDependency */,
			);
			fileSystemSynchronizedGroups = (
				421A051F2FC741CC00BAF8D2 /* AI */,
				47FE5ABA2FC5D3B200E58C93 /* Tula */,
			);
			name = Tula;
			packageProductDependencies = (
			);
			productName = Tula;
			productReference = 47FE5AB82FC5D3B200E58C93 /* Tula.app */;
			productType = "com.apple.product-type.application";
		};
		47FE5BA92FC7308C00E58C93 /* Tula WidgetExtension */ = {
			isa = PBXNativeTarget;
			buildConfigurationList = 47FE5BC02FC7308D00E58C93 /* Build configuration list for PBXNativeTarget "Tula WidgetExtension" */;
			buildPhases = (
				47FE5BA62FC7308C00E58C93 /* Sources */,
				47FE5BA72FC7308C00E58C93 /* Frameworks */,
				47FE5BA82FC7308C00E58C93 /* Resources */,
			);
			buildRules = (
			);
			dependencies = (
			);
			fileSystemSynchronizedGroups = (
				47FE5BB02FC7308C00E58C93 /* Tula Widget */,
			);
			name = "Tula WidgetExtension";
			packageProductDependencies = (
			);
			productName = "Tula WidgetExtension";
			productReference = 47FE5BAA2FC7308C00E58C93 /* Tula WidgetExtension.appex */;
			productType = "com.apple.product-type.app-extension";
		};
/* End PBXNativeTarget section */

/* Begin PBXProject section */
		47FE5AB02FC5D3B200E58C93 /* Project object */ = {
			isa = PBXProject;
			attributes = {
				BuildIndependentTargetsInParallel = 1;
				LastSwiftUpdateCheck = 2640;
				LastUpgradeCheck = 2640;
				TargetAttributes = {
					47BC84392FCAAF79000FB10E = {
						CreatedOnToolsVersion = 26.4.1;
					};
					47FE5AB72FC5D3B200E58C93 = {
						CreatedOnToolsVersion = 26.4.1;
					};
					47FE5BA92FC7308C00E58C93 = {
						CreatedOnToolsVersion = 26.4.1;
					};
				};
			};
			buildConfigurationList = 47FE5AB32FC5D3B200E58C93 /* Build configuration list for PBXProject "Tula" */;
			developmentRegion = en;
			hasScannedForEncodings = 0;
			knownRegions = (
				en,
				Base,
			);
			mainGroup = 47FE5AAF2FC5D3B200E58C93;
			minimizedProjectReferenceProxies = 1;
			preferredProjectObjectVersion = 77;
			productRefGroup = 47FE5AB92FC5D3B200E58C93 /* Products */;
			projectDirPath = "";
			projectRoot = "";
			targets = (
				47FE5AB72FC5D3B200E58C93 /* Tula */,
				47FE5BA92FC7308C00E58C93 /* Tula WidgetExtension */,
				47BC84392FCAAF79000FB10E /* TulaShare */,
			);
		};
/* End PBXProject section */

/* Begin PBXResourcesBuildPhase section */
		47BC84382FCAAF79000FB10E /* Resources */ = {
			isa = PBXResourcesBuildPhase;
			buildActionMask = 2147483647;
			files = (
			);
			runOnlyForDeploymentPostprocessing = 0;
		};
		47FE5AB62FC5D3B200E58C93 /* Resources */ = {
			isa = PBXResourcesBuildPhase;
			buildActionMask = 2147483647;
			files = (
			);
			runOnlyForDeploymentPostprocessing = 0;
		};
		47FE5BA82FC7308C00E58C93 /* Resources */ = {
			isa = PBXResourcesBuildPhase;
			buildActionMask = 2147483647;
			files = (
			);
			runOnlyForDeploymentPostprocessing = 0;
		};
/* End PBXResourcesBuildPhase section */

/* Begin PBXSourcesBuildPhase section */
		47BC84362FCAAF79000FB10E /* Sources */ = {
			isa = PBXSourcesBuildPhase;
			buildActionMask = 2147483647;
			files = (
			);
			runOnlyForDeploymentPostprocessing = 0;
		};
		47FE5AB42FC5D3B200E58C93 /* Sources */ = {
			isa = PBXSourcesBuildPhase;
			buildActionMask = 2147483647;
			files = (
			);
			runOnlyForDeploymentPostprocessing = 0;
		};
		47FE5BA62FC7308C00E58C93 /* Sources */ = {
			isa = PBXSourcesBuildPhase;
			buildActionMask = 2147483647;
			files = (
			);
			runOnlyForDeploymentPostprocessing = 0;
		};
/* End PBXSourcesBuildPhase section */

/* Begin PBXTargetDependency section */
		47FE5BBD2FC7308D00E58C93 /* PBXTargetDependency */ = {
			isa = PBXTargetDependency;
			target = 47FE5BA92FC7308C00E58C93 /* Tula WidgetExtension */;
			targetProxy = 47FE5BBC2FC7308D00E58C93 /* PBXContainerItemProxy */;
		};
/* End PBXTargetDependency section */

/* Begin XCBuildConfiguration section */
		47BC84462FCAAF79000FB10E /* Debug */ = {
			isa = XCBuildConfiguration;
			buildSettings = {
				CODE_SIGN_ENTITLEMENTS = TulaShare/TulaShare.entitlements;
				CODE_SIGN_STYLE = Automatic;
				CURRENT_PROJECT_VERSION = 1;
				DEVELOPMENT_TEAM = WRT3S3RZSX;
				GENERATE_INFOPLIST_FILE = YES;
				INFOPLIST_FILE = TulaShare/Info.plist;
				INFOPLIST_KEY_CFBundleDisplayName = TulaShare;
				INFOPLIST_KEY_NSHumanReadableCopyright = "";
				IPHONEOS_DEPLOYMENT_TARGET = 18.0;
				LD_RUNPATH_SEARCH_PATHS = (
					"$(inherited)",
					"@executable_path/Frameworks",
					"@executable_path/../../Frameworks",
				);
				MARKETING_VERSION = 1.0;
				PRODUCT_BUNDLE_IDENTIFIER = com.app.Tula.TulaShare;
				PRODUCT_NAME = "$(TARGET_NAME)";
				SKIP_INSTALL = YES;
				STRING_CATALOG_GENERATE_SYMBOLS = YES;
				SWIFT_APPROACHABLE_CONCURRENCY = YES;
				SWIFT_EMIT_LOC_STRINGS = YES;
				SWIFT_UPCOMING_FEATURE_MEMBER_IMPORT_VISIBILITY = YES;
				SWIFT_VERSION = 5.0;
				TARGETED_DEVICE_FAMILY = "1,2";
			};
			name = Debug;
		};
		47BC84472FCAAF79000FB10E /* Release */ = {
			isa = XCBuildConfiguration;
			buildSettings = {
				CODE_SIGN_ENTITLEMENTS = TulaShare/TulaShare.entitlements;
				CODE_SIGN_STYLE = Automatic;
				CURRENT_PROJECT_VERSION = 1;
				DEVELOPMENT_TEAM = WRT3S3RZSX;
				GENERATE_INFOPLIST_FILE = YES;
				INFOPLIST_FILE = TulaShare/Info.plist;
				INFOPLIST_KEY_CFBundleDisplayName = TulaShare;
				INFOPLIST_KEY_NSHumanReadableCopyright = "";
				IPHONEOS_DEPLOYMENT_TARGET = 18.0;
				LD_RUNPATH_SEARCH_PATHS = (
					"$(inherited)",
					"@executable_path/Frameworks",
					"@executable_path/../../Frameworks",
				);
				MARKETING_VERSION = 1.0;
				PRODUCT_BUNDLE_IDENTIFIER = com.app.Tula.TulaShare;
				PRODUCT_NAME = "$(TARGET_NAME)";
				SKIP_INSTALL = YES;
				STRING_CATALOG_GENERATE_SYMBOLS = YES;
				SWIFT_APPROACHABLE_CONCURRENCY = YES;
				SWIFT_EMIT_LOC_STRINGS = YES;
				SWIFT_UPCOMING_FEATURE_MEMBER_IMPORT_VISIBILITY = YES;
				SWIFT_VERSION = 5.0;
				TARGETED_DEVICE_FAMILY = "1,2";
			};
			name = Release;
		};
		47FE5AC32FC5D3B300E58C93 /* Debug */ = {
			isa = XCBuildConfiguration;
			buildSettings = {
				ALWAYS_SEARCH_USER_PATHS = NO;
				ASSETCATALOG_COMPILER_GENERATE_SWIFT_ASSET_SYMBOL_EXTENSIONS = YES;
				CLANG_ANALYZER_NONNULL = YES;
				CLANG_ANALYZER_NUMBER_OBJECT_CONVERSION = YES_AGGRESSIVE;
				CLANG_CXX_LANGUAGE_STANDARD = "gnu++20";
				CLANG_ENABLE_MODULES = YES;
				CLANG_ENABLE_OBJC_ARC = YES;
				CLANG_ENABLE_OBJC_WEAK = YES;
				CLANG_WARN_BLOCK_CAPTURE_AUTORELEASING = YES;
				CLANG_WARN_BOOL_CONVERSION = YES;
				CLANG_WARN_COMMA = YES;
				CLANG_WARN_CONSTANT_CONVERSION = YES;
				CLANG_WARN_DEPRECATED_OBJC_IMPLEMENTATIONS = YES;
				CLANG_WARN_DIRECT_OBJC_ISA_USAGE = YES_ERROR;
				CLANG_WARN_DOCUMENTATION_COMMENTS = YES;
				CLANG_WARN_EMPTY_BODY = YES;
				CLANG_WARN_ENUM_CONVERSION = YES;
				CLANG_WARN_INFINITE_RECURSION = YES;
				CLANG_WARN_INT_CONVERSION = YES;
				CLANG_WARN_NON_LITERAL_NULL_CONVERSION = YES;
				CLANG_WARN_OBJC_IMPLICIT_RETAIN_SELF = YES;
				CLANG_WARN_OBJC_LITERAL_CONVERSION = YES;
				CLANG_WARN_OBJC_ROOT_CLASS = YES_ERROR;
				CLANG_WARN_QUOTED_INCLUDE_IN_FRAMEWORK_HEADER = YES;
				CLANG_WARN_RANGE_LOOP_ANALYSIS = YES;
				CLANG_WARN_STRICT_PROTOTYPES = YES;
				CLANG_WARN_SUSPICIOUS_MOVE = YES;
				CLANG_WARN_UNGUARDED_AVAILABILITY = YES_AGGRESSIVE;
				CLANG_WARN_UNREACHABLE_CODE = YES;
				CLANG_WARN__DUPLICATE_METHOD_MATCH = YES;
				COPY_PHASE_STRIP = NO;
				DEBUG_INFORMATION_FORMAT = dwarf;
				DEVELOPMENT_TEAM = WRT3S3RZSX;
				ENABLE_STRICT_OBJC_MSGSEND = YES;
				ENABLE_TESTABILITY = YES;
				ENABLE_USER_SCRIPT_SANDBOXING = YES;
				GCC_C_LANGUAGE_STANDARD = gnu17;
				GCC_DYNAMIC_NO_PIC = NO;
				GCC_NO_COMMON_BLOCKS = YES;
				GCC_OPTIMIZATION_LEVEL = 0;
				GCC_PREPROCESSOR_DEFINITIONS = (
					"DEBUG=1",
					"$(inherited)",
				);
				GCC_WARN_64_TO_32_BIT_CONVERSION = YES;
				GCC_WARN_ABOUT_RETURN_TYPE = YES_ERROR;
				GCC_WARN_UNDECLARED_SELECTOR = YES;
				GCC_WARN_UNINITIALIZED_AUTOS = YES_AGGRESSIVE;
				GCC_WARN_UNUSED_FUNCTION = YES;
				GCC_WARN_UNUSED_VARIABLE = YES;
				IPHONEOS_DEPLOYMENT_TARGET = 26.4;
				LOCALIZATION_PREFERS_STRING_CATALOGS = YES;
				MTL_ENABLE_DEBUG_INFO = INCLUDE_SOURCE;
				MTL_FAST_MATH = YES;
				ONLY_ACTIVE_ARCH = YES;
				SDKROOT = iphoneos;
				SWIFT_ACTIVE_COMPILATION_CONDITIONS = "DEBUG $(inherited)";
				SWIFT_OPTIMIZATION_LEVEL = "-Onone";
			};
			name = Debug;
		};
		47FE5AC42FC5D3B300E58C93 /* Release */ = {
			isa = XCBuildConfiguration;
			buildSettings = {
				ALWAYS_SEARCH_USER_PATHS = NO;
				ASSETCATALOG_COMPILER_GENERATE_SWIFT_ASSET_SYMBOL_EXTENSIONS = YES;
				CLANG_ANALYZER_NONNULL = YES;
				CLANG_ANALYZER_NUMBER_OBJECT_CONVERSION = YES_AGGRESSIVE;
				CLANG_CXX_LANGUAGE_STANDARD = "gnu++20";
				CLANG_ENABLE_MODULES = YES;
				CLANG_ENABLE_OBJC_ARC = YES;
				CLANG_ENABLE_OBJC_WEAK = YES;
				CLANG_WARN_BLOCK_CAPTURE_AUTORELEASING = YES;
				CLANG_WARN_BOOL_CONVERSION = YES;
				CLANG_WARN_COMMA = YES;
				CLANG_WARN_CONSTANT_CONVERSION = YES;
				CLANG_WARN_DEPRECATED_OBJC_IMPLEMENTATIONS = YES;
				CLANG_WARN_DIRECT_OBJC_ISA_USAGE = YES_ERROR;
				CLANG_WARN_DOCUMENTATION_COMMENTS = YES;
				CLANG_WARN_EMPTY_BODY = YES;
				CLANG_WARN_ENUM_CONVERSION = YES;
				CLANG_WARN_INFINITE_RECURSION = YES;
				CLANG_WARN_INT_CONVERSION = YES;
				CLANG_WARN_NON_LITERAL_NULL_CONVERSION = YES;
				CLANG_WARN_OBJC_IMPLICIT_RETAIN_SELF = YES;
				CLANG_WARN_OBJC_LITERAL_CONVERSION = YES;
				CLANG_WARN_OBJC_ROOT_CLASS = YES_ERROR;
				CLANG_WARN_QUOTED_INCLUDE_IN_FRAMEWORK_HEADER = YES;
				CLANG_WARN_RANGE_LOOP_ANALYSIS = YES;
				CLANG_WARN_STRICT_PROTOTYPES = YES;
				CLANG_WARN_SUSPICIOUS_MOVE = YES;
				CLANG_WARN_UNGUARDED_AVAILABILITY = YES_AGGRESSIVE;
				CLANG_WARN_UNREACHABLE_CODE = YES;
				CLANG_WARN__DUPLICATE_METHOD_MATCH = YES;
				COPY_PHASE_STRIP = NO;
				DEBUG_INFORMATION_FORMAT = "dwarf-with-dsym";
				DEVELOPMENT_TEAM = WRT3S3RZSX;
				ENABLE_NS_ASSERTIONS = NO;
				ENABLE_STRICT_OBJC_MSGSEND = YES;
				ENABLE_USER_SCRIPT_SANDBOXING = YES;
				GCC_C_LANGUAGE_STANDARD = gnu17;
				GCC_NO_COMMON_BLOCKS = YES;
				GCC_WARN_64_TO_32_BIT_CONVERSION = YES;
				GCC_WARN_ABOUT_RETURN_TYPE = YES_ERROR;
				GCC_WARN_UNDECLARED_SELECTOR = YES;
				GCC_WARN_UNINITIALIZED_AUTOS = YES_AGGRESSIVE;
				GCC_WARN_UNUSED_FUNCTION = YES;
				GCC_WARN_UNUSED_VARIABLE = YES;
				IPHONEOS_DEPLOYMENT_TARGET = 26.4;
				LOCALIZATION_PREFERS_STRING_CATALOGS = YES;
				MTL_ENABLE_DEBUG_INFO = NO;
				MTL_FAST_MATH = YES;
				SDKROOT = iphoneos;
				SWIFT_COMPILATION_MODE = wholemodule;
				VALIDATE_PRODUCT = YES;
			};
			name = Release;
		};
		47FE5AC62FC5D3B300E58C93 /* Debug */ = {
			isa = XCBuildConfiguration;
			buildSettings = {
				ASSETCATALOG_COMPILER_APPICON_NAME = AppIcon;
				ASSETCATALOG_COMPILER_GLOBAL_ACCENT_COLOR_NAME = AccentColor;
				CODE_SIGN_ENTITLEMENTS = Tula/Tula.entitlements;
				CODE_SIGN_STYLE = Automatic;
				CURRENT_PROJECT_VERSION = 1;
				DEVELOPMENT_TEAM = B589BKTYX9;
				ENABLE_PREVIEWS = YES;
				GENERATE_INFOPLIST_FILE = YES;
				INFOPLIST_FILE = Tula/Info.plist;
				INFOPLIST_KEY_NSCameraUsageDescription = "Take a photo of your receipt to attach it to an expense and auto-fill the amount and merchant.";
				INFOPLIST_KEY_NSMicrophoneUsageDescription = "We use the microphone to capture voice input for quick expense logging.";
				INFOPLIST_KEY_NSPhotoLibraryUsageDescription = "Choose a photo of your receipt to attach it to an expense and auto-fill the amount and merchant.";
				INFOPLIST_KEY_NSSpeechRecognitionUsageDescription = "We use speech recognition to convert your voice into expense details.";
				INFOPLIST_KEY_UIApplicationSceneManifest_Generation = YES;
				INFOPLIST_KEY_UIApplicationSupportsIndirectInputEvents = YES;
				INFOPLIST_KEY_UILaunchScreen_Generation = YES;
				INFOPLIST_KEY_UISupportedInterfaceOrientations_iPad = "UIInterfaceOrientationPortrait UIInterfaceOrientationPortraitUpsideDown UIInterfaceOrientationLandscapeLeft UIInterfaceOrientationLandscapeRight";
				INFOPLIST_KEY_UISupportedInterfaceOrientations_iPhone = "UIInterfaceOrientationPortrait UIInterfaceOrientationLandscapeLeft UIInterfaceOrientationLandscapeRight";
				IPHONEOS_DEPLOYMENT_TARGET = 18.0;
				LD_RUNPATH_SEARCH_PATHS = (
					"$(inherited)",
					"@executable_path/Frameworks",
				);
				MARKETING_VERSION = 1.0;
				PRODUCT_BUNDLE_IDENTIFIER = com.app.alpha.Tula;
				PRODUCT_NAME = "$(TARGET_NAME)";
				STRING_CATALOG_GENERATE_SYMBOLS = YES;
				SWIFT_APPROACHABLE_CONCURRENCY = YES;
				SWIFT_DEFAULT_ACTOR_ISOLATION = MainActor;
				SWIFT_EMIT_LOC_STRINGS = YES;
				SWIFT_UPCOMING_FEATURE_MEMBER_IMPORT_VISIBILITY = YES;
				SWIFT_VERSION = 5.0;
				TARGETED_DEVICE_FAMILY = "1,2";
			};
			name = Debug;
		};
		47FE5AC72FC5D3B300E58C93 /* Release */ = {
			isa = XCBuildConfiguration;
			buildSettings = {
				ASSETCATALOG_COMPILER_APPICON_NAME = AppIcon;
				ASSETCATALOG_COMPILER_GLOBAL_ACCENT_COLOR_NAME = AccentColor;
				CODE_SIGN_ENTITLEMENTS = Tula/Tula.entitlements;
				CODE_SIGN_STYLE = Automatic;
				CURRENT_PROJECT_VERSION = 1;
				DEVELOPMENT_TEAM = B589BKTYX9;
				ENABLE_PREVIEWS = YES;
				GENERATE_INFOPLIST_FILE = YES;
				INFOPLIST_FILE = Tula/Info.plist;
				INFOPLIST_KEY_NSCameraUsageDescription = "Take a photo of your receipt to attach it to an expense and auto-fill the amount and merchant.";
				INFOPLIST_KEY_NSMicrophoneUsageDescription = "We use the microphone to capture voice input for quick expense logging.";
				INFOPLIST_KEY_NSPhotoLibraryUsageDescription = "Choose a photo of your receipt to attach it to an expense and auto-fill the amount and merchant.";
				INFOPLIST_KEY_NSSpeechRecognitionUsageDescription = "We use speech recognition to convert your voice into expense details.";
				INFOPLIST_KEY_UIApplicationSceneManifest_Generation = YES;
				INFOPLIST_KEY_UIApplicationSupportsIndirectInputEvents = YES;
				INFOPLIST_KEY_UILaunchScreen_Generation = YES;
				INFOPLIST_KEY_UISupportedInterfaceOrientations_iPad = "UIInterfaceOrientationPortrait UIInterfaceOrientationPortraitUpsideDown UIInterfaceOrientationLandscapeLeft UIInterfaceOrientationLandscapeRight";
				INFOPLIST_KEY_UISupportedInterfaceOrientations_iPhone = "UIInterfaceOrientationPortrait UIInterfaceOrientationLandscapeLeft UIInterfaceOrientationLandscapeRight";
				IPHONEOS_DEPLOYMENT_TARGET = 18.0;
				LD_RUNPATH_SEARCH_PATHS = (
					"$(inherited)",
					"@executable_path/Frameworks",
				);
				MARKETING_VERSION = 1.0;
				PRODUCT_BUNDLE_IDENTIFIER = com.app.alpha.Tula;
				PRODUCT_NAME = "$(TARGET_NAME)";
				STRING_CATALOG_GENERATE_SYMBOLS = YES;
				SWIFT_APPROACHABLE_CONCURRENCY = YES;
				SWIFT_DEFAULT_ACTOR_ISOLATION = MainActor;
				SWIFT_EMIT_LOC_STRINGS = YES;
				SWIFT_UPCOMING_FEATURE_MEMBER_IMPORT_VISIBILITY = YES;
				SWIFT_VERSION = 5.0;
				TARGETED_DEVICE_FAMILY = "1,2";
			};
			name = Release;
		};
		47FE5BC12FC7308D00E58C93 /* Debug */ = {
			isa = XCBuildConfiguration;
			buildSettings = {
				ASSETCATALOG_COMPILER_GLOBAL_ACCENT_COLOR_NAME = AccentColor;
				ASSETCATALOG_COMPILER_WIDGET_BACKGROUND_COLOR_NAME = WidgetBackground;
				CODE_SIGN_ENTITLEMENTS = "Tula WidgetExtension.entitlements";
				CODE_SIGN_STYLE = Automatic;
				CURRENT_PROJECT_VERSION = 1;
				DEVELOPMENT_TEAM = B589BKTYX9;
				GENERATE_INFOPLIST_FILE = YES;
				INFOPLIST_FILE = "Tula Widget/Info.plist";
				INFOPLIST_KEY_CFBundleDisplayName = "Tula Widget";
				INFOPLIST_KEY_NSHumanReadableCopyright = "";
				LD_RUNPATH_SEARCH_PATHS = (
					"$(inherited)",
					"@executable_path/Frameworks",
					"@executable_path/../../Frameworks",
				);
				MARKETING_VERSION = 1.0;
				PRODUCT_BUNDLE_IDENTIFIER = "com.app.alpha.Tula.Tula-Widget";
				PRODUCT_NAME = "$(TARGET_NAME)";
				SKIP_INSTALL = YES;
				STRING_CATALOG_GENERATE_SYMBOLS = YES;
				SWIFT_APPROACHABLE_CONCURRENCY = YES;
				SWIFT_EMIT_LOC_STRINGS = YES;
				SWIFT_UPCOMING_FEATURE_MEMBER_IMPORT_VISIBILITY = YES;
				SWIFT_VERSION = 5.0;
				TARGETED_DEVICE_FAMILY = "1,2";
			};
			name = Debug;
		};
		47FE5BC22FC7308D00E58C93 /* Release */ = {
			isa = XCBuildConfiguration;
			buildSettings = {
				ASSETCATALOG_COMPILER_GLOBAL_ACCENT_COLOR_NAME = AccentColor;
				ASSETCATALOG_COMPILER_WIDGET_BACKGROUND_COLOR_NAME = WidgetBackground;
				CODE_SIGN_ENTITLEMENTS = "Tula WidgetExtension.entitlements";
				CODE_SIGN_STYLE = Automatic;
				CURRENT_PROJECT_VERSION = 1;
				DEVELOPMENT_TEAM = B589BKTYX9;
				GENERATE_INFOPLIST_FILE = YES;
				INFOPLIST_FILE = "Tula Widget/Info.plist";
				INFOPLIST_KEY_CFBundleDisplayName = "Tula Widget";
				INFOPLIST_KEY_NSHumanReadableCopyright = "";
				LD_RUNPATH_SEARCH_PATHS = (
					"$(inherited)",
					"@executable_path/Frameworks",
					"@executable_path/../../Frameworks",
				);
				MARKETING_VERSION = 1.0;
				PRODUCT_BUNDLE_IDENTIFIER = "com.app.alpha.Tula.Tula-Widget";
				PRODUCT_NAME = "$(TARGET_NAME)";
				SKIP_INSTALL = YES;
				STRING_CATALOG_GENERATE_SYMBOLS = YES;
				SWIFT_APPROACHABLE_CONCURRENCY = YES;
				SWIFT_EMIT_LOC_STRINGS = YES;
				SWIFT_UPCOMING_FEATURE_MEMBER_IMPORT_VISIBILITY = YES;
				SWIFT_VERSION = 5.0;
				TARGETED_DEVICE_FAMILY = "1,2";
			};
			name = Release;
		};
/* End XCBuildConfiguration section */

/* Begin XCConfigurationList section */
		47BC84452FCAAF79000FB10E /* Build configuration list for PBXNativeTarget "TulaShare" */ = {
			isa = XCConfigurationList;
			buildConfigurations = (
				47BC84462FCAAF79000FB10E /* Debug */,
				47BC84472FCAAF79000FB10E /* Release */,
			);
			defaultConfigurationIsVisible = 0;
			defaultConfigurationName = Release;
		};
		47FE5AB32FC5D3B200E58C93 /* Build configuration list for PBXProject "Tula" */ = {
			isa = XCConfigurationList;
			buildConfigurations = (
				47FE5AC32FC5D3B300E58C93 /* Debug */,
				47FE5AC42FC5D3B300E58C93 /* Release */,
			);
			defaultConfigurationIsVisible = 0;
			defaultConfigurationName = Release;
		};
		47FE5AC52FC5D3B300E58C93 /* Build configuration list for PBXNativeTarget "Tula" */ = {
			isa = XCConfigurationList;
			buildConfigurations = (
				47FE5AC62FC5D3B300E58C93 /* Debug */,
				47FE5AC72FC5D3B300E58C93 /* Release */,
			);
			defaultConfigurationIsVisible = 0;
			defaultConfigurationName = Release;
		};
		47FE5BC02FC7308D00E58C93 /* Build configuration list for PBXNativeTarget "Tula WidgetExtension" */ = {
			isa = XCConfigurationList;
			buildConfigurations = (
				47FE5BC12FC7308D00E58C93 /* Debug */,
				47FE5BC22FC7308D00E58C93 /* Release */,
			);
			defaultConfigurationIsVisible = 0;
			defaultConfigurationName = Release;
		};
/* End XCConfigurationList section */
	};
	rootObject = 47FE5AB02FC5D3B200E58C93 /* Project object */;
}
