{
  "originHash" : "e843284a09b9d7fb8d0032fe1a3fd1fbd38f28ea54d42a39ccbe396af16d225d",
  "pins" : [
    {
      "identity" : "swift-argument-parser",
      "kind" : "remoteSourceControl",
      "location" : "https://github.com/apple/swift-argument-parser.git",
      "state" : {
        "revision" : "6a52f3251125d74daf04fcbd5e6f08a75d074382",
        "version" : "1.8.2"
      }
    },
    {
      "identity" : "whisperkit",
      "kind" : "remoteSourceControl",
      "location" : "https://github.com/argmaxinc/WhisperKit",
      "state" : {
        "branch" : "main",
        "revision" : "dcf3a00f0ae4d5b57bc0aad92063b102b70d5fd1"
      }
    }
  ],
  "version" : 3
}
